
Microsoft Visual Studio Solution File, Format Version 12.00
# Visual Studio Version 17
VisualStudioVersion = 17.8.34316.72
MinimumVisualStudioVersion = 10.0.40219.1
Project("{FAE04EC0-301F-11D3-BF4B-00C04F79EFBC}") = "Чат бот, контрольное задание", "Чат бот, контрольное задание.csproj", "{37D283AD-24B7-4C5C-B833-E97075D315E7}"
EndProject
Global
	GlobalSection(SolutionConfigurationPlatforms) = preSolution
		Debug|Any CPU = Debug|Any CPU
		Release|Any CPU = Release|Any CPU
	EndGlobalSection
	GlobalSection(ProjectConfigurationPlatforms) = postSolution
		{37D283AD-24B7-4C5C-B833-E97075D315E7}.Debug|Any CPU.ActiveCfg = Debug|Any CPU
		{37D283AD-24B7-4C5C-B833-E97075D315E7}.Debug|Any CPU.Build.0 = Debug|Any CPU
		{37D283AD-24B7-4C5C-B833-E97075D315E7}.Release|Any CPU.ActiveCfg = Release|Any CPU
		{37D283AD-24B7-4C5C-B833-E97075D315E7}.Release|Any CPU.Build.0 = Release|Any CPU
	EndGlobalSection
	GlobalSection(SolutionProperties) = preSolution
		HideSolutionNode = FALSE
	EndGlobalSection
	GlobalSection(ExtensibilityGlobals) = postSolution
		SolutionGuid = {452276A1-CE88-428F-94D2-1A1BE89BF8EF}
	EndGlobalSection
EndGlobal
